
Microsoft Visual Studio Solution File, Format Version 12.00
# Visual Studio Version 17
VisualStudioVersion = 17.9.34723.18
MinimumVisualStudioVersion = 10.0.40219.1
Project("{9A19103F-16F7-4668-BE54-9A1E7A4F7556}") = "NTAC_db", "NTAC_db\NTAC_db.csproj", "{538784D2-499B-4541-8210-7CC0A2A88433}"
EndProject
Project("{2150E333-8FDC-42A3-9474-1A3956D46DE8}") = "Solution Items", "Solution Items", "{03650A18-6718-41D1-ABD1-75B120F280A2}"
	ProjectSection(SolutionItems) = preProject
		.editorconfig = .editorconfig
	EndProjectSection
EndProject
Project("{54435603-DBB4-11D2-8724-00A0C9A8B90C}") = "Setup", "Setup\Setup.vdproj", "{9059C605-B379-478C-A58A-8FDF4F06CF8A}"
EndProject
Global
	GlobalSection(SolutionConfigurationPlatforms) = preSolution
		Debug|Any CPU = Debug|Any CPU
		Release|Any CPU = Release|Any CPU
	EndGlobalSection
	GlobalSection(ProjectConfigurationPlatforms) = postSolution
		{538784D2-499B-4541-8210-7CC0A2A88433}.Debug|Any CPU.ActiveCfg = Debug|Any CPU
		{538784D2-499B-4541-8210-7CC0A2A88433}.Debug|Any CPU.Build.0 = Debug|Any CPU
		{538784D2-499B-4541-8210-7CC0A2A88433}.Release|Any CPU.ActiveCfg = Release|Any CPU
		{538784D2-499B-4541-8210-7CC0A2A88433}.Release|Any CPU.Build.0 = Release|Any CPU
		{9059C605-B379-478C-A58A-8FDF4F06CF8A}.Debug|Any CPU.ActiveCfg = Debug
		{9059C605-B379-478C-A58A-8FDF4F06CF8A}.Release|Any CPU.ActiveCfg = Release
	EndGlobalSection
	GlobalSection(SolutionProperties) = preSolution
		HideSolutionNode = FALSE
	EndGlobalSection
	GlobalSection(ExtensibilityGlobals) = postSolution
		SolutionGuid = {E0F153A6-4E15-47A6-BE77-E3A0E6387E2B}
	EndGlobalSection
EndGlobal
